# This file was autogenerated by Stack.
# You should not edit this file by hand.
# For more information, please see the documentation at:
#   https://docs.haskellstack.org/en/stable/lock_files

packages:
- completed:
    hackage: sdl2-ttf-2.0.1@sha256:c861279923f69c3cb693cee47ce7a85ad7f7f9789dcb1f5c8e35baad9478a6e4,1722
    pantry-tree:
      size: 447
      sha256: a5f781481af0f19223d24cc9e39b05750b62e5139d69dfb17d385b4371f13845
  original:
    hackage: sdl2-ttf-2.0.1
- completed:
    hackage: wx-0.92.3.0@sha256:c4685d4f1fcb92e279409eb9455bef41cbd336d0b557040a6966bcf4881124a1,1825
    pantry-tree:
      size: 1265
      sha256: 16f1b0dfdd3a77850e3ce5418559f2620b41efbb476065328385215cb219b170
  original:
    hackage: wx-0.92.3.0
- completed:
    hackage: wxc-0.92.3.0@sha256:a42d1650704f9fb515f0fcb0fee8c21aa21c50019f5ada7ab875ead6ce29f8b1,8205
    pantry-tree:
      size: 8633
      sha256: 7348e109d4f09051ea7e03d8e56e5fc9665f7a09b71fde32e4fb6cf08c174552
  original:
    hackage: wxc-0.92.3.0
- completed:
    hackage: wxcore-0.92.3.0@sha256:266a9080542a1de472dcf1df707cc304b9be8066411ebfdfa6adfea6c11769b3,2705
    pantry-tree:
      size: 2072
      sha256: 65a59f4000d34fab0b56bb4123db096e166b0776927226135e87f14e9287e6bd
  original:
    hackage: wxcore-0.92.3.0
- completed:
    hackage: wxdirect-0.92.3.0@sha256:7533e84784560be0313b5940227870ea105975d581eab5b6ad5e8219d82dfaff,1740
    pantry-tree:
      size: 923
      sha256: ba55121b684d5138ba6ad188d7f9e39956e8b2091cb92a011bc03c477e486548
  original:
    hackage: wxdirect-0.92.3.0
- completed:
    hackage: reactive-banana-1.2.1.0@sha256:af0a41dec95e1478acd5280f0fdde51afddf9fbfa4e0a4c226a2c6fa65702796,3975
    pantry-tree:
      size: 2443
      sha256: 367a55194ed03065dd7cf9e63c851ae4fe56f8533d07cdfe751fa68da9c7d66d
  original:
    hackage: reactive-banana-1.2.1.0
snapshots:
- completed:
    size: 523884
    url: https://raw.githubusercontent.com/commercialhaskell/stackage-snapshots/master/lts/14/4.yaml
    sha256: 16f24be248b42c9e16d59db84378836b1e7c239448a041cae46d32daffa45a8b
  original: lts-14.4
